
Microsoft Visual Studio Solution File, Format Version 12.00
# Visual Studio Version 17
VisualStudioVersion = 17.10.35013.160
MinimumVisualStudioVersion = 10.0.40219.1
Project("{FAE04EC0-301F-11D3-BF4B-00C04F79EFBC}") = "Addressbook application", "Addressbook application\Addressbook application.csproj", "{2FC96183-3160-4DE6-9130-EB04132026C3}"
EndProject
Global
	GlobalSection(SolutionConfigurationPlatforms) = preSolution
		Debug|Any CPU = Debug|Any CPU
		Release|Any CPU = Release|Any CPU
	EndGlobalSection
	GlobalSection(ProjectConfigurationPlatforms) = postSolution
		{2FC96183-3160-4DE6-9130-EB04132026C3}.Debug|Any CPU.ActiveCfg = Debug|Any CPU
		{2FC96183-3160-4DE6-9130-EB04132026C3}.Debug|Any CPU.Build.0 = Debug|Any CPU
		{2FC96183-3160-4DE6-9130-EB04132026C3}.Release|Any CPU.ActiveCfg = Release|Any CPU
		{2FC96183-3160-4DE6-9130-EB04132026C3}.Release|Any CPU.Build.0 = Release|Any CPU
	EndGlobalSection
	GlobalSection(SolutionProperties) = preSolution
		HideSolutionNode = FALSE
	EndGlobalSection
	GlobalSection(ExtensibilityGlobals) = postSolution
		SolutionGuid = {407AE7E2-DD38-4364-9377-D093C30EA4B7}
	EndGlobalSection
EndGlobal
